// !$*UTF8*$!
{
	archiveVersion = 1;
	classes = {
	};
	objectVersion = 46;
	objects = {

/* Begin PBXBuildFile section */
		40680D831ADA978F00E7EAFF /* WelcomeViewController.swift in Sources */ = {isa = PBXBuildFile; fileRef = 40680D821ADA978F00E7EAFF /* WelcomeViewController.swift */; };
		40E13ACC1AC41E610070051C /* AppDelegate.swift in Sources */ = {isa = PBXBuildFile; fileRef = 40E13ACB1AC41E610070051C /* AppDelegate.swift */; };
		40E13ACE1AC41E610070051C /* ViewController.swift in Sources */ = {isa = PBXBuildFile; fileRef = 40E13ACD1AC41E610070051C /* ViewController.swift */; };
		40E13AD11AC41E610070051C /* Main.storyboard in Resources */ = {isa = PBXBuildFile; fileRef = 40E13ACF1AC41E610070051C /* Main.storyboard */; };
		40E13AD31AC41E610070051C /* Images.xcassets in Resources */ = {isa = PBXBuildFile; fileRef = 40E13AD21AC41E610070051C /* Images.xcassets */; };
		40E13AD61AC41E610070051C /* LaunchScreen.xib in Resources */ = {isa = PBXBuildFile; fileRef = 40E13AD41AC41E610070051C /* LaunchScreen.xib */; };
		40E13AE21AC41E610070051C /* WWDC15Tests.swift in Sources */ = {isa = PBXBuildFile; fileRef = 40E13AE11AC41E610070051C /* WWDC15Tests.swift */; };
		40E13AEC1AC41E8F0070051C /* Sections.storyboard in Resources */ = {isa = PBXBuildFile; fileRef = 40E13AEB1AC41E8F0070051C /* Sections.storyboard */; };
		40E833D21AD1B33700BA317D /* TimelineViewController.swift in Sources */ = {isa = PBXBuildFile; fileRef = 40E833D11AD1B33700BA317D /* TimelineViewController.swift */; };
		40E833D71AD1B3EF00BA317D /* space@2x.png in Resources */ = {isa = PBXBuildFile; fileRef = 40E833D31AD1B3EF00BA317D /* space@2x.png */; };
		40E833D81AD1B3EF00BA317D /* large-stars@2x.png in Resources */ = {isa = PBXBuildFile; fileRef = 40E833D41AD1B3EF00BA317D /* large-stars@2x.png */; };
		40E833D91AD1B3EF00BA317D /* medium-stars@2x.png in Resources */ = {isa = PBXBuildFile; fileRef = 40E833D51AD1B3EF00BA317D /* medium-stars@2x.png */; };
		40E833DA1AD1B3EF00BA317D /* little-stars@2x.png in Resources */ = {isa = PBXBuildFile; fileRef = 40E833D61AD1B3EF00BA317D /* little-stars@2x.png */; };
/* End PBXBuildFile section */

/* Begin PBXContainerItemProxy section */
		40E13ADC1AC41E610070051C /* PBXContainerItemProxy */ = {
			isa = PBXContainerItemProxy;
			containerPortal = 40E13ABE1AC41E610070051C /* Project object */;
			proxyType = 1;
			remoteGlobalIDString = 40E13AC51AC41E610070051C;
			remoteInfo = WWDC15;
		};
/* End PBXContainerItemProxy section */

/* Begin PBXFileReference section */
		40680D821ADA978F00E7EAFF /* WelcomeViewController.swift */ = {isa = PBXFileReference; fileEncoding = 4; lastKnownFileType = sourcecode.swift; path = WelcomeViewController.swift; sourceTree = "<group>"; };
		40E13AC61AC41E610070051C /* WWDC15.app */ = {isa = PBXFileReference; explicitFileType = wrapper.application; includeInIndex = 0; path = WWDC15.app; sourceTree = BUILT_PRODUCTS_DIR; };
		40E13ACA1AC41E610070051C /* Info.plist */ = {isa = PBXFileReference; lastKnownFileType = text.plist.xml; path = Info.plist; sourceTree = "<group>"; };
		40E13ACB1AC41E610070051C /* AppDelegate.swift */ = {isa = PBXFileReference; lastKnownFileType = sourcecode.swift; path = AppDelegate.swift; sourceTree = "<group>"; };
		40E13ACD1AC41E610070051C /* ViewController.swift */ = {isa = PBXFileReference; lastKnownFileType = sourcecode.swift; path = ViewController.swift; sourceTree = "<group>"; };
		40E13AD01AC41E610070051C /* Base */ = {isa = PBXFileReference; lastKnownFileType = file.storyboard; name = Base; path = Base.lproj/Main.storyboard; sourceTree = "<group>"; };
		40E13AD21AC41E610070051C /* Images.xcassets */ = {isa = PBXFileReference; lastKnownFileType = folder.assetcatalog; path = Images.xcassets; sourceTree = "<group>"; };
		40E13AD51AC41E610070051C /* Base */ = {isa = PBXFileReference; lastKnownFileType = file.xib; name = Base; path = Base.lproj/LaunchScreen.xib; sourceTree = "<group>"; };
		40E13ADB1AC41E610070051C /* WWDC15Tests.xctest */ = {isa = PBXFileReference; explicitFileType = wrapper.cfbundle; includeInIndex = 0; path = WWDC15Tests.xctest; sourceTree = BUILT_PRODUCTS_DIR; };
		40E13AE01AC41E610070051C /* Info.plist */ = {isa = PBXFileReference; lastKnownFileType = text.plist.xml; path = Info.plist; sourceTree = "<group>"; };
		40E13AE11AC41E610070051C /* WWDC15Tests.swift */ = {isa = PBXFileReference; lastKnownFileType = sourcecode.swift; path = WWDC15Tests.swift; sourceTree = "<group>"; };
		40E13AEB1AC41E8F0070051C /* Sections.storyboard */ = {isa = PBXFileReference; fileEncoding = 4; lastKnownFileType = file.storyboard; path = Sections.storyboard; sourceTree = "<group>"; };
		40E833D11AD1B33700BA317D /* TimelineViewController.swift */ = {isa = PBXFileReference; fileEncoding = 4; lastKnownFileType = sourcecode.swift; path = TimelineViewController.swift; sourceTree = "<group>"; };
		40E833D31AD1B3EF00BA317D /* space@2x.png */ = {isa = PBXFileReference; lastKnownFileType = image.png; path = "space@2x.png"; sourceTree = "<group>"; };
		40E833D41AD1B3EF00BA317D /* large-stars@2x.png */ = {isa = PBXFileReference; lastKnownFileType = image.png; path = "large-stars@2x.png"; sourceTree = "<group>"; };
		40E833D51AD1B3EF00BA317D /* medium-stars@2x.png */ = {isa = PBXFileReference; lastKnownFileType = image.png; path = "medium-stars@2x.png"; sourceTree = "<group>"; };
		40E833D61AD1B3EF00BA317D /* little-stars@2x.png */ = {isa = PBXFileReference; lastKnownFileType = image.png; path = "little-stars@2x.png"; sourceTree = "<group>"; };
/* End PBXFileReference section */

/* Begin PBXFrameworksBuildPhase section */
		40E13AC31AC41E610070051C /* Frameworks */ = {
			isa = PBXFrameworksBuildPhase;
			buildActionMask = 2147483647;
			files = (
			);
			runOnlyForDeploymentPostprocessing = 0;
		};
		40E13AD81AC41E610070051C /* Frameworks */ = {
			isa = PBXFrameworksBuildPhase;
			buildActionMask = 2147483647;
			files = (
			);
			runOnlyForDeploymentPostprocessing = 0;
		};
/* End PBXFrameworksBuildPhase section */

/* Begin PBXGroup section */
		40E13ABD1AC41E610070051C = {
			isa = PBXGroup;
			children = (
				40E13AC81AC41E610070051C /* WWDC15 */,
				40E13ADE1AC41E610070051C /* WWDC15Tests */,
				40E13AC71AC41E610070051C /* Products */,
			);
			sourceTree = "<group>";
		};
		40E13AC71AC41E610070051C /* Products */ = {
			isa = PBXGroup;
			children = (
				40E13AC61AC41E610070051C /* WWDC15.app */,
				40E13ADB1AC41E610070051C /* WWDC15Tests.xctest */,
			);
			name = Products;
			sourceTree = "<group>";
		};
		40E13AC81AC41E610070051C /* WWDC15 */ = {
			isa = PBXGroup;
			children = (
				40E13AEB1AC41E8F0070051C /* Sections.storyboard */,
				40E833D11AD1B33700BA317D /* TimelineViewController.swift */,
				40E13ACB1AC41E610070051C /* AppDelegate.swift */,
				40E13ACD1AC41E610070051C /* ViewController.swift */,
				40680D821ADA978F00E7EAFF /* WelcomeViewController.swift */,
				40E13ACF1AC41E610070051C /* Main.storyboard */,
				40E13AD21AC41E610070051C /* Images.xcassets */,
				40E13AD41AC41E610070051C /* LaunchScreen.xib */,
				40E13AC91AC41E610070051C /* Supporting Files */,
			);
			path = WWDC15;
			sourceTree = "<group>";
		};
		40E13AC91AC41E610070051C /* Supporting Files */ = {
			isa = PBXGroup;
			children = (
				40E833D31AD1B3EF00BA317D /* space@2x.png */,
				40E833D41AD1B3EF00BA317D /* large-stars@2x.png */,
				40E833D51AD1B3EF00BA317D /* medium-stars@2x.png */,
				40E833D61AD1B3EF00BA317D /* little-stars@2x.png */,
				40E13ACA1AC41E610070051C /* Info.plist */,
			);
			name = "Supporting Files";
			sourceTree = "<group>";
		};
		40E13ADE1AC41E610070051C /* WWDC15Tests */ = {
			isa = PBXGroup;
			children = (
				40E13AE11AC41E610070051C /* WWDC15Tests.swift */,
				40E13ADF1AC41E610070051C /* Supporting Files */,
			);
			path = WWDC15Tests;
			sourceTree = "<group>";
		};
		40E13ADF1AC41E610070051C /* Supporting Files */ = {
			isa = PBXGroup;
			children = (
				40E13AE01AC41E610070051C /* Info.plist */,
			);
			name = "Supporting Files";
			sourceTree = "<group>";
		};
/* End PBXGroup section */

/* Begin PBXNativeTarget section */
		40E13AC51AC41E610070051C /* WWDC15 */ = {
			isa = PBXNativeTarget;
			buildConfigurationList = 40E13AE51AC41E610070051C /* Build configuration list for PBXNativeTarget "WWDC15" */;
			buildPhases = (
				40E13AC21AC41E610070051C /* Sources */,
				40E13AC31AC41E610070051C /* Frameworks */,
				40E13AC41AC41E610070051C /* Resources */,
			);
			buildRules = (
			);
			dependencies = (
			);
			name = WWDC15;
			productName = WWDC15;
			productReference = 40E13AC61AC41E610070051C /* WWDC15.app */;
			productType = "com.apple.product-type.application";
		};
		40E13ADA1AC41E610070051C /* WWDC15Tests */ = {
			isa = PBXNativeTarget;
			buildConfigurationList = 40E13AE81AC41E610070051C /* Build configuration list for PBXNativeTarget "WWDC15Tests" */;
			buildPhases = (
				40E13AD71AC41E610070051C /* Sources */,
				40E13AD81AC41E610070051C /* Frameworks */,
				40E13AD91AC41E610070051C /* Resources */,
			);
			buildRules = (
			);
			dependencies = (
				40E13ADD1AC41E610070051C /* PBXTargetDependency */,
			);
			name = WWDC15Tests;
			productName = WWDC15Tests;
			productReference = 40E13ADB1AC41E610070051C /* WWDC15Tests.xctest */;
			productType = "com.apple.product-type.bundle.unit-test";
		};
/* End PBXNativeTarget section */

/* Begin PBXProject section */
		40E13ABE1AC41E610070051C /* Project object */ = {
			isa = PBXProject;
			attributes = {
				LastUpgradeCheck = 0620;
				ORGANIZATIONNAME = "Bastian Aigner";
				TargetAttributes = {
					40E13AC51AC41E610070051C = {
						CreatedOnToolsVersion = 6.2;
						DevelopmentTeam = H58AJB25X6;
					};
					40E13ADA1AC41E610070051C = {
						CreatedOnToolsVersion = 6.2;
						TestTargetID = 40E13AC51AC41E610070051C;
					};
				};
			};
			buildConfigurationList = 40E13AC11AC41E610070051C /* Build configuration list for PBXProject "WWDC15" */;
			compatibilityVersion = "Xcode 3.2";
			developmentRegion = English;
			hasScannedForEncodings = 0;
			knownRegions = (
				en,
				Base,
			);
			mainGroup = 40E13ABD1AC41E610070051C;
			productRefGroup = 40E13AC71AC41E610070051C /* Products */;
			projectDirPath = "";
			projectRoot = "";
			targets = (
				40E13AC51AC41E610070051C /* WWDC15 */,
				40E13ADA1AC41E610070051C /* WWDC15Tests */,
			);
		};
/* End PBXProject section */

/* Begin PBXResourcesBuildPhase section */
		40E13AC41AC41E610070051C /* Resources */ = {
			isa = PBXResourcesBuildPhase;
			buildActionMask = 2147483647;
			files = (
				40E833DA1AD1B3EF00BA317D /* little-stars@2x.png in Resources */,
				40E833D91AD1B3EF00BA317D /* medium-stars@2x.png in Resources */,
				40E13AD11AC41E610070051C /* Main.storyboard in Resources */,
				40E833D71AD1B3EF00BA317D /* space@2x.png in Resources */,
				40E13AEC1AC41E8F0070051C /* Sections.storyboard in Resources */,
				40E13AD61AC41E610070051C /* LaunchScreen.xib in Resources */,
				40E833D81AD1B3EF00BA317D /* large-stars@2x.png in Resources */,
				40E13AD31AC41E610070051C /* Images.xcassets in Resources */,
			);
			runOnlyForDeploymentPostprocessing = 0;
		};
		40E13AD91AC41E610070051C /* Resources */ = {
			isa = PBXResourcesBuildPhase;
			buildActionMask = 2147483647;
			files = (
			);
			runOnlyForDeploymentPostprocessing = 0;
		};
/* End PBXResourcesBuildPhase section */

/* Begin PBXSourcesBuildPhase section */
		40E13AC21AC41E610070051C /* Sources */ = {
			isa = PBXSourcesBuildPhase;
			buildActionMask = 2147483647;
			files = (
				40E13ACE1AC41E610070051C /* ViewController.swift in Sources */,
				40680D831ADA978F00E7EAFF /* WelcomeViewController.swift in Sources */,
				40E13ACC1AC41E610070051C /* AppDelegate.swift in Sources */,
				40E833D21AD1B33700BA317D /* TimelineViewController.swift in Sources */,
			);
			runOnlyForDeploymentPostprocessing = 0;
		};
		40E13AD71AC41E610070051C /* Sources */ = {
			isa = PBXSourcesBuildPhase;
			buildActionMask = 2147483647;
			files = (
				40E13AE21AC41E610070051C /* WWDC15Tests.swift in Sources */,
			);
			runOnlyForDeploymentPostprocessing = 0;
		};
/* End PBXSourcesBuildPhase section */

/* Begin PBXTargetDependency section */
		40E13ADD1AC41E610070051C /* PBXTargetDependency */ = {
			isa = PBXTargetDependency;
			target = 40E13AC51AC41E610070051C /* WWDC15 */;
			targetProxy = 40E13ADC1AC41E610070051C /* PBXContainerItemProxy */;
		};
/* End PBXTargetDependency section */

/* Begin PBXVariantGroup section */
		40E13ACF1AC41E610070051C /* Main.storyboard */ = {
			isa = PBXVariantGroup;
			children = (
				40E13AD01AC41E610070051C /* Base */,
			);
			name = Main.storyboard;
			sourceTree = "<group>";
		};
		40E13AD41AC41E610070051C /* LaunchScreen.xib */ = {
			isa = PBXVariantGroup;
			children = (
				40E13AD51AC41E610070051C /* Base */,
			);
			name = LaunchScreen.xib;
			sourceTree = "<group>";
		};
/* End PBXVariantGroup section */

/* Begin XCBuildConfiguration section */
		40E13AE31AC41E610070051C /* Debug */ = {
			isa = XCBuildConfiguration;
			buildSettings = {
				ALWAYS_SEARCH_USER_PATHS = NO;
				CLANG_CXX_LANGUAGE_STANDARD = "gnu++0x";
				CLANG_CXX_LIBRARY = "libc++";
				CLANG_ENABLE_MODULES = YES;
				CLANG_ENABLE_OBJC_ARC = YES;
				CLANG_WARN_BOOL_CONVERSION = YES;
				CLANG_WARN_CONSTANT_CONVERSION = YES;
				CLANG_WARN_DIRECT_OBJC_ISA_USAGE = YES_ERROR;
				CLANG_WARN_EMPTY_BODY = YES;
				CLANG_WARN_ENUM_CONVERSION = YES;
				CLANG_WARN_INT_CONVERSION = YES;
				CLANG_WARN_OBJC_ROOT_CLASS = YES_ERROR;
				CLANG_WARN_UNREACHABLE_CODE = YES;
				CLANG_WARN__DUPLICATE_METHOD_MATCH = YES;
				"CODE_SIGN_IDENTITY[sdk=iphoneos*]" = "iPhone Developer";
				COPY_PHASE_STRIP = NO;
				ENABLE_STRICT_OBJC_MSGSEND = YES;
				GCC_C_LANGUAGE_STANDARD = gnu99;
				GCC_DYNAMIC_NO_PIC = NO;
				GCC_OPTIMIZATION_LEVEL = 0;
				GCC_PREPROCESSOR_DEFINITIONS = (
					"DEBUG=1",
					"$(inherited)",
				);
				GCC_SYMBOLS_PRIVATE_EXTERN = NO;
				GCC_WARN_64_TO_32_BIT_CONVERSION = YES;
				GCC_WARN_ABOUT_RETURN_TYPE = YES_ERROR;
				GCC_WARN_UNDECLARED_SELECTOR = YES;
				GCC_WARN_UNINITIALIZED_AUTOS = YES_AGGRESSIVE;
				GCC_WARN_UNUSED_FUNCTION = YES;
				GCC_WARN_UNUSED_VARIABLE = YES;
				IPHONEOS_DEPLOYMENT_TARGET = 8.2;
				MTL_ENABLE_DEBUG_INFO = YES;
				ONLY_ACTIVE_ARCH = YES;
				SDKROOT = iphoneos;
				SWIFT_OPTIMIZATION_LEVEL = "-Onone";
				TARGETED_DEVICE_FAMILY = 2;
			};
			name = Debug;
		};
		40E13AE41AC41E610070051C /* Release */ = {
			isa = XCBuildConfiguration;
			buildSettings = {
				ALWAYS_SEARCH_USER_PATHS = NO;
				CLANG_CXX_LANGUAGE_STANDARD = "gnu++0x";
				CLANG_CXX_LIBRARY = "libc++";
				CLANG_ENABLE_MODULES = YES;
				CLANG_ENABLE_OBJC_ARC = YES;
				CLANG_WARN_BOOL_CONVERSION = YES;
				CLANG_WARN_CONSTANT_CONVERSION = YES;
				CLANG_WARN_DIRECT_OBJC_ISA_USAGE = YES_ERROR;
				CLANG_WARN_EMPTY_BODY = YES;
				CLANG_WARN_ENUM_CONVERSION = YES;
				CLANG_WARN_INT_CONVERSION = YES;
				CLANG_WARN_OBJC_ROOT_CLASS = YES_ERROR;
				CLANG_WARN_UNREACHABLE_CODE = YES;
				CLANG_WARN__DUPLICATE_METHOD_MATCH = YES;
				"CODE_SIGN_IDENTITY[sdk=iphoneos*]" = "iPhone Developer";
				COPY_PHASE_STRIP = NO;
				ENABLE_NS_ASSERTIONS = NO;
				ENABLE_STRICT_OBJC_MSGSEND = YES;
				GCC_C_LANGUAGE_STANDARD = gnu99;
				GCC_WARN_64_TO_32_BIT_CONVERSION = YES;
				GCC_WARN_ABOUT_RETURN_TYPE = YES_ERROR;
				GCC_WARN_UNDECLARED_SELECTOR = YES;
				GCC_WARN_UNINITIALIZED_AUTOS = YES_AGGRESSIVE;
				GCC_WARN_UNUSED_FUNCTION = YES;
				GCC_WARN_UNUSED_VARIABLE = YES;
				IPHONEOS_DEPLOYMENT_TARGET = 8.2;
				MTL_ENABLE_DEBUG_INFO = NO;
				SDKROOT = iphoneos;
				TARGETED_DEVICE_FAMILY = 2;
				VALIDATE_PRODUCT = YES;
			};
			name = Release;
		};
		40E13AE61AC41E610070051C /* Debug */ = {
			isa = XCBuildConfiguration;
			buildSettings = {
				ASSETCATALOG_COMPILER_APPICON_NAME = AppIcon;
				INFOPLIST_FILE = WWDC15/Info.plist;
				LD_RUNPATH_SEARCH_PATHS = "$(inherited) @executable_path/Frameworks";
				PRODUCT_NAME = "$(TARGET_NAME)";
			};
			name = Debug;
		};
		40E13AE71AC41E610070051C /* Release */ = {
			isa = XCBuildConfiguration;
			buildSettings = {
				ASSETCATALOG_COMPILER_APPICON_NAME = AppIcon;
				INFOPLIST_FILE = WWDC15/Info.plist;
				LD_RUNPATH_SEARCH_PATHS = "$(inherited) @executable_path/Frameworks";
				PRODUCT_NAME = "$(TARGET_NAME)";
			};
			name = Release;
		};
		40E13AE91AC41E610070051C /* Debug */ = {
			isa = XCBuildConfiguration;
			buildSettings = {
				BUNDLE_LOADER = "$(TEST_HOST)";
				FRAMEWORK_SEARCH_PATHS = (
					"$(SDKROOT)/Developer/Library/Frameworks",
					"$(inherited)",
				);
				GCC_PREPROCESSOR_DEFINITIONS = (
					"DEBUG=1",
					"$(inherited)",
				);
				INFOPLIST_FILE = WWDC15Tests/Info.plist;
				LD_RUNPATH_SEARCH_PATHS = "$(inherited) @executable_path/Frameworks @loader_path/Frameworks";
				PRODUCT_NAME = "$(TARGET_NAME)";
				TEST_HOST = "$(BUILT_PRODUCTS_DIR)/WWDC15.app/WWDC15";
			};
			name = Debug;
		};
		40E13AEA1AC41E610070051C /* Release */ = {
			isa = XCBuildConfiguration;
			buildSettings = {
				BUNDLE_LOADER = "$(TEST_HOST)";
				FRAMEWORK_SEARCH_PATHS = (
					"$(SDKROOT)/Developer/Library/Frameworks",
					"$(inherited)",
				);
				INFOPLIST_FILE = WWDC15Tests/Info.plist;
				LD_RUNPATH_SEARCH_PATHS = "$(inherited) @executable_path/Frameworks @loader_path/Frameworks";
				PRODUCT_NAME = "$(TARGET_NAME)";
				TEST_HOST = "$(BUILT_PRODUCTS_DIR)/WWDC15.app/WWDC15";
			};
			name = Release;
		};
/* End XCBuildConfiguration section */

/* Begin XCConfigurationList section */
		40E13AC11AC41E610070051C /* Build configuration list for PBXProject "WWDC15" */ = {
			isa = XCConfigurationList;
			buildConfigurations = (
				40E13AE31AC41E610070051C /* Debug */,
				40E13AE41AC41E610070051C /* Release */,
			);
			defaultConfigurationIsVisible = 0;
			defaultConfigurationName = Release;
		};
		40E13AE51AC41E610070051C /* Build configuration list for PBXNativeTarget "WWDC15" */ = {
			isa = XCConfigurationList;
			buildConfigurations = (
				40E13AE61AC41E610070051C /* Debug */,
				40E13AE71AC41E610070051C /* Release */,
			);
			defaultConfigurationIsVisible = 0;
			defaultConfigurationName = Release;
		};
		40E13AE81AC41E610070051C /* Build configuration list for PBXNativeTarget "WWDC15Tests" */ = {
			isa = XCConfigurationList;
			buildConfigurations = (
				40E13AE91AC41E610070051C /* Debug */,
				40E13AEA1AC41E610070051C /* Release */,
			);
			defaultConfigurationIsVisible = 0;
			defaultConfigurationName = Release;
		};
/* End XCConfigurationList section */
	};
	rootObject = 40E13ABE1AC41E610070051C /* Project object */;
}
